// !$*UTF8*$!
{
	archiveVersion = 1;
	classes = {
	};
	objectVersion = 77;
	objects = {

/* Begin PBXBuildFile section */
		00DEFA85B5E36A650B8979A9 /* CodexRateLimitDecodingTests.swift in Sources */ = {isa = PBXBuildFile; fileRef = 66000B9ACB41BED799FD3273 /* CodexRateLimitDecodingTests.swift */; };
		0BA7A7B1F9D98874A525D338 /* QuotaGraphDisplaySamplerTests.swift in Sources */ = {isa = PBXBuildFile; fileRef = 6A4C0A69DDF7D0BA76AECBF1 /* QuotaGraphDisplaySamplerTests.swift */; };
		0C15E52FD1902DB7FA703830 /* DemoQuotaData.swift in Sources */ = {isa = PBXBuildFile; fileRef = 3B3756373D0D6077E854F92B /* DemoQuotaData.swift */; };
		12E041F3B81610E4C9B4E708 /* DashboardView.swift in Sources */ = {isa = PBXBuildFile; fileRef = B9C3187BF6FB3997BBC1E839 /* DashboardView.swift */; };
		21ADF75E3957F4E7088BA3CC /* StatusIconOn.png in Resources */ = {isa = PBXBuildFile; fileRef = 1CF9443B6D4E2EFED9B5C7F1 /* StatusIconOn.png */; };
		27108E628CABE879C06A14DB /* DemoQuotaDataTests.swift in Sources */ = {isa = PBXBuildFile; fileRef = FA05C00E283A5DDB994354D0 /* DemoQuotaDataTests.swift */; };
		2CC861C421981151667D0BA0 /* QuotaProjection.swift in Sources */ = {isa = PBXBuildFile; fileRef = 8B979C5E6EF8FA47C090C81A /* QuotaProjection.swift */; };
		2FCA4E2D83CC4598D443FCED /* CodexRateLimitClient.swift in Sources */ = {isa = PBXBuildFile; fileRef = 93BBAFF32DE0999AB7B00486 /* CodexRateLimitClient.swift */; };
		308DF753892FBB5F017C097F /* CodexKeychainTokenStore.swift in Sources */ = {isa = PBXBuildFile; fileRef = F80C9D134652C039633B30B5 /* CodexKeychainTokenStore.swift */; };
		35C9CF774A7FB502783FF2E7 /* PowerSessionControllerTests.swift in Sources */ = {isa = PBXBuildFile; fileRef = 3A87F5169748A0C16D4D0CDB /* PowerSessionControllerTests.swift */; };
		3E08268887962E15BA3EC719 /* CodexRateLimits.swift in Sources */ = {isa = PBXBuildFile; fileRef = 585D418045E05CB60309C257 /* CodexRateLimits.swift */; };
		40E2BA4DD4D75AFB6944C3BD /* CloudQuotaSampleSyncService.swift in Sources */ = {isa = PBXBuildFile; fileRef = 1B3455110B07773BD008152F /* CloudQuotaSampleSyncService.swift */; };
		5F8B824632F773670096F725 /* TokenCoffeeCore.framework in Embed Frameworks */ = {isa = PBXBuildFile; fileRef = EA274434F4C69B881FDBF2F8 /* TokenCoffeeCore.framework */; settings = {ATTRIBUTES = (CodeSignOnCopy, RemoveHeadersOnCopy, ); }; };
		63AF7785FCD089F10EA5502F /* AppKit.framework in Frameworks */ = {isa = PBXBuildFile; fileRef = DED6C0470DD8DB198B0BEE63 /* AppKit.framework */; };
		64786A8E17AFA9731AAC8FA8 /* AppIcon.icon in Resources */ = {isa = PBXBuildFile; fileRef = 05C4EE8DAEAA52B72DE45C53 /* AppIcon.icon */; };
		6E115AF5843D6BF7B2122ADE /* QuotaSampleStoreTests.swift in Sources */ = {isa = PBXBuildFile; fileRef = 1DA74698DE04A93251183750 /* QuotaSampleStoreTests.swift */; };
		6E7AEB39C0022DE3B6F46307 /* CloudQuotaSampleSyncPolicyTests.swift in Sources */ = {isa = PBXBuildFile; fileRef = CB3FDD37C3C09807AF107293 /* CloudQuotaSampleSyncPolicyTests.swift */; };
		73DFCAB56F1E5BC3711299A8 /* StatusIconOff.png in Resources */ = {isa = PBXBuildFile; fileRef = 1197BE68CBCE1F6FF43ECD29 /* StatusIconOff.png */; };
		782DF07C136C4F581ECA7B11 /* ClamshellFailSafeInstaller.swift in Sources */ = {isa = PBXBuildFile; fileRef = 47CD5B392D5E17EE62E5BD77 /* ClamshellFailSafeInstaller.swift */; };
		79E2C201F1E8A12C21E9CA77 /* PowerSessionController.swift in Sources */ = {isa = PBXBuildFile; fileRef = DE7AD1A297019BC7C543926B /* PowerSessionController.swift */; };
		7B8215A57DAF6D5DA899DEF9 /* QuotaForecastKitAdapter.swift in Sources */ = {isa = PBXBuildFile; fileRef = 51C0934867DC2651DF30D12A /* QuotaForecastKitAdapter.swift */; };
		80763E665FF71E3CF4A1EAA3 /* Security.framework in Frameworks */ = {isa = PBXBuildFile; fileRef = 78DC4B26FEA8A020F3BB30F9 /* Security.framework */; };
		80A592F36647044928B1E6D7 /* QuotaProjectionTests.swift in Sources */ = {isa = PBXBuildFile; fileRef = 8DD2CB6475B3CDD7A446F041 /* QuotaProjectionTests.swift */; };
		8E44467D7F4FC5A0FB92A3BF /* AppModel.swift in Sources */ = {isa = PBXBuildFile; fileRef = 309606A2AD4618DE1244CDB8 /* AppModel.swift */; };
		8FFF3DC513A2EE4218E8A5C9 /* ScreenBlankingController.swift in Sources */ = {isa = PBXBuildFile; fileRef = 46FE874DDEA88FC2F9EFE910 /* ScreenBlankingController.swift */; };
		91654AE1616EAC17E37D1063 /* DemoQuotaData.json in Resources */ = {isa = PBXBuildFile; fileRef = 0FAC0F5A9603A4F9B39D3800 /* DemoQuotaData.json */; };
		9BAAD393FA0C312BFAEEB322 /* TokenCoffeeApp.swift in Sources */ = {isa = PBXBuildFile; fileRef = 91866704F00A6C51FF289D6A /* TokenCoffeeApp.swift */; };
		9E224909D842565747B0B742 /* QuotaGraphPerceptualPaletteTests.swift in Sources */ = {isa = PBXBuildFile; fileRef = DEF3C982EB7C356F4B4B31B1 /* QuotaGraphPerceptualPaletteTests.swift */; };
		9E74088D68D183844045E6F0 /* QuotaHistoryWindow.swift in Sources */ = {isa = PBXBuildFile; fileRef = 18E81E0B4F04FE2D855436D9 /* QuotaHistoryWindow.swift */; };
		9EAC015561A9C5E9326E3824 /* QuotaGraphPerceptualPalette.swift in Sources */ = {isa = PBXBuildFile; fileRef = 95407346610322E866CF3FAE /* QuotaGraphPerceptualPalette.swift */; };
		A0649AD081EF9D401EF6E05E /* ScreenBlankingControllerTests.swift in Sources */ = {isa = PBXBuildFile; fileRef = C790E2AEEBC43C96DF8FA7F1 /* ScreenBlankingControllerTests.swift */; };
		A56C8CB7F9105F199C4317FE /* QuotaForecastDiagnosticExporterTests.swift in Sources */ = {isa = PBXBuildFile; fileRef = AA43224604BB416301D09F6A /* QuotaForecastDiagnosticExporterTests.swift */; };
		AE77846898F64E86C94300CB /* IOKit.framework in Frameworks */ = {isa = PBXBuildFile; fileRef = 7177466CEF89C89EC8B61148 /* IOKit.framework */; };
		B72C4AEF9F38890D67173855 /* TokenCoffeeCore.framework in Frameworks */ = {isa = PBXBuildFile; fileRef = EA274434F4C69B881FDBF2F8 /* TokenCoffeeCore.framework */; };
		B7EBCA8A160AF96CA49BD4A3 /* CloudKit.framework in Frameworks */ = {isa = PBXBuildFile; fileRef = 4BF37D1C9A2022A96BDB852C /* CloudKit.framework */; };
		B7FCF9112D2FF1984F036205 /* StatusPanelController.swift in Sources */ = {isa = PBXBuildFile; fileRef = DAE6FFD288FA2AD75A829908 /* StatusPanelController.swift */; };
		BB992F6518611C7A1AEDF913 /* QuotaForecastKit in Frameworks */ = {isa = PBXBuildFile; productRef = 727C2BCB0010C4E260BF7449 /* QuotaForecastKit */; };
		BE689677F534ED08053E9BEF /* CodexNativeClientTests.swift in Sources */ = {isa = PBXBuildFile; fileRef = CA58038499D13F07C5C9FE8F /* CodexNativeClientTests.swift */; };
		C1BEB0ED90F1D712DE1A9839 /* QuotaSyncStatus.swift in Sources */ = {isa = PBXBuildFile; fileRef = FC1C73A26484DD327BF9F874 /* QuotaSyncStatus.swift */; };
		D15DFE26B4CD2005A6362E9F /* TokenCoffeeCore.framework in Embed Frameworks */ = {isa = PBXBuildFile; fileRef = EA274434F4C69B881FDBF2F8 /* TokenCoffeeCore.framework */; settings = {ATTRIBUTES = (CodeSignOnCopy, RemoveHeadersOnCopy, ); }; };
		D53681C9605FE03BBF6105A2 /* TokenCoffeeCore.framework in Frameworks */ = {isa = PBXBuildFile; fileRef = EA274434F4C69B881FDBF2F8 /* TokenCoffeeCore.framework */; };
		D95162623E0901260BA235F6 /* CodexNativeUsageService.swift in Sources */ = {isa = PBXBuildFile; fileRef = B9379B3F3A2D1BCF2F4898B7 /* CodexNativeUsageService.swift */; };
		DC9F2F59FB48E23513A03E3C /* CodexNativeSupport.swift in Sources */ = {isa = PBXBuildFile; fileRef = 5645DB2AF14015C9B891D4FD /* CodexNativeSupport.swift */; };
		E80AC25F5C32E65DEAE0E6F5 /* QuotaSampleStore.swift in Sources */ = {isa = PBXBuildFile; fileRef = B9BD5D8879BE323DD853C8A3 /* QuotaSampleStore.swift */; };
		E8B65880477127AA57C600D0 /* PanelControlMenu.swift in Sources */ = {isa = PBXBuildFile; fileRef = 0F723B70B68EC1ABF330D3EB /* PanelControlMenu.swift */; };
		EC01D5842E2837D1C4352CB7 /* CodexNativeAuthService.swift in Sources */ = {isa = PBXBuildFile; fileRef = BB555D4794B9843BAFE1F925 /* CodexNativeAuthService.swift */; };
		EDF6297C87A0CD2D53938697 /* AppDelegate.swift in Sources */ = {isa = PBXBuildFile; fileRef = 03220F6952C7B17BBAB884B2 /* AppDelegate.swift */; };
		F45A06377445A0303F777BEA /* Security.framework in Frameworks */ = {isa = PBXBuildFile; fileRef = 78DC4B26FEA8A020F3BB30F9 /* Security.framework */; };
		F5A0A1A5110A2D4C6EBD1F64 /* QuotaForecastDiagnosticExporter.swift in Sources */ = {isa = PBXBuildFile; fileRef = 37C9C70ACF42EC08FC165EEF /* QuotaForecastDiagnosticExporter.swift */; };
		FB9EABCE809EF735D0134BA8 /* SwiftUI.framework in Frameworks */ = {isa = PBXBuildFile; fileRef = 93463707FA87FD54AA98CFAC /* SwiftUI.framework */; };
		FF257A53C67BF3183E8863EA /* Charts.framework in Frameworks */ = {isa = PBXBuildFile; fileRef = 862401FDB58B5CDC84ECB28E /* Charts.framework */; };
/* End PBXBuildFile section */

/* Begin PBXContainerItemProxy section */
		1BF328EBB449863AF5DAA16E /* PBXContainerItemProxy */ = {
			isa = PBXContainerItemProxy;
			containerPortal = 5BB69922B177AFE4CEFB515E /* Project object */;
			proxyType = 1;
			remoteGlobalIDString = 840754A614744B41BBA8E783;
			remoteInfo = TokenCoffeeCore;
		};
		274C92030543DF145CDAFF4A /* PBXContainerItemProxy */ = {
			isa = PBXContainerItemProxy;
			containerPortal = 5BB69922B177AFE4CEFB515E /* Project object */;
			proxyType = 1;
			remoteGlobalIDString = 840754A614744B41BBA8E783;
			remoteInfo = TokenCoffeeCore;
		};
		5E960659631CD0C9D215D05C /* PBXContainerItemProxy */ = {
			isa = PBXContainerItemProxy;
			containerPortal = 5BB69922B177AFE4CEFB515E /* Project object */;
			proxyType = 1;
			remoteGlobalIDString = 4BA138AFAA9118242C875A03;
			remoteInfo = TokenCoffee;
		};
/* End PBXContainerItemProxy section */

/* Begin PBXCopyFilesBuildPhase section */
		0CBFD1EE7269F8BFF9C88557 /* Embed Frameworks */ = {
			isa = PBXCopyFilesBuildPhase;
			buildActionMask = 2147483647;
			dstPath = "";
			dstSubfolderSpec = 10;
			files = (
				5F8B824632F773670096F725 /* TokenCoffeeCore.framework in Embed Frameworks */,
			);
			name = "Embed Frameworks";
			runOnlyForDeploymentPostprocessing = 0;
		};
		8DF2396268B9E837C3EA1E17 /* Embed Frameworks */ = {
			isa = PBXCopyFilesBuildPhase;
			buildActionMask = 2147483647;
			dstPath = "";
			dstSubfolderSpec = 10;
			files = (
				D15DFE26B4CD2005A6362E9F /* TokenCoffeeCore.framework in Embed Frameworks */,
			);
			name = "Embed Frameworks";
			runOnlyForDeploymentPostprocessing = 0;
		};
/* End PBXCopyFilesBuildPhase section */

/* Begin PBXFileReference section */
		03220F6952C7B17BBAB884B2 /* AppDelegate.swift */ = {isa = PBXFileReference; lastKnownFileType = sourcecode.swift; path = AppDelegate.swift; sourceTree = "<group>"; };
		05C4EE8DAEAA52B72DE45C53 /* AppIcon.icon */ = {isa = PBXFileReference; lastKnownFileType = folder.iconcomposer.icon; path = AppIcon.icon; sourceTree = "<group>"; };
		0F723B70B68EC1ABF330D3EB /* PanelControlMenu.swift */ = {isa = PBXFileReference; lastKnownFileType = sourcecode.swift; path = PanelControlMenu.swift; sourceTree = "<group>"; };
		0FAC0F5A9603A4F9B39D3800 /* DemoQuotaData.json */ = {isa = PBXFileReference; lastKnownFileType = text.json; path = DemoQuotaData.json; sourceTree = "<group>"; };
		1197BE68CBCE1F6FF43ECD29 /* StatusIconOff.png */ = {isa = PBXFileReference; lastKnownFileType = image.png; path = StatusIconOff.png; sourceTree = "<group>"; };
		18E81E0B4F04FE2D855436D9 /* QuotaHistoryWindow.swift */ = {isa = PBXFileReference; lastKnownFileType = sourcecode.swift; path = QuotaHistoryWindow.swift; sourceTree = "<group>"; };
		1B3455110B07773BD008152F /* CloudQuotaSampleSyncService.swift */ = {isa = PBXFileReference; lastKnownFileType = sourcecode.swift; path = CloudQuotaSampleSyncService.swift; sourceTree = "<group>"; };
		1CF9443B6D4E2EFED9B5C7F1 /* StatusIconOn.png */ = {isa = PBXFileReference; lastKnownFileType = image.png; path = StatusIconOn.png; sourceTree = "<group>"; };
		1DA74698DE04A93251183750 /* QuotaSampleStoreTests.swift */ = {isa = PBXFileReference; lastKnownFileType = sourcecode.swift; path = QuotaSampleStoreTests.swift; sourceTree = "<group>"; };
		309606A2AD4618DE1244CDB8 /* AppModel.swift */ = {isa = PBXFileReference; lastKnownFileType = sourcecode.swift; path = AppModel.swift; sourceTree = "<group>"; };
		37C9C70ACF42EC08FC165EEF /* QuotaForecastDiagnosticExporter.swift */ = {isa = PBXFileReference; lastKnownFileType = sourcecode.swift; path = QuotaForecastDiagnosticExporter.swift; sourceTree = "<group>"; };
		3A87F5169748A0C16D4D0CDB /* PowerSessionControllerTests.swift */ = {isa = PBXFileReference; lastKnownFileType = sourcecode.swift; path = PowerSessionControllerTests.swift; sourceTree = "<group>"; };
		3B3756373D0D6077E854F92B /* DemoQuotaData.swift */ = {isa = PBXFileReference; lastKnownFileType = sourcecode.swift; path = DemoQuotaData.swift; sourceTree = "<group>"; };
		3D601C714412883975A7B560 /* TokenCoffeeCoreTests.xctest */ = {isa = PBXFileReference; explicitFileType = wrapper.cfbundle; includeInIndex = 0; path = TokenCoffeeCoreTests.xctest; sourceTree = BUILT_PRODUCTS_DIR; };
		46FE874DDEA88FC2F9EFE910 /* ScreenBlankingController.swift */ = {isa = PBXFileReference; lastKnownFileType = sourcecode.swift; path = ScreenBlankingController.swift; sourceTree = "<group>"; };
		47CD5B392D5E17EE62E5BD77 /* ClamshellFailSafeInstaller.swift */ = {isa = PBXFileReference; lastKnownFileType = sourcecode.swift; path = ClamshellFailSafeInstaller.swift; sourceTree = "<group>"; };
		4BF37D1C9A2022A96BDB852C /* CloudKit.framework */ = {isa = PBXFileReference; lastKnownFileType = wrapper.framework; name = CloudKit.framework; path = System/Library/Frameworks/CloudKit.framework; sourceTree = SDKROOT; };
		51C0934867DC2651DF30D12A /* QuotaForecastKitAdapter.swift */ = {isa = PBXFileReference; lastKnownFileType = sourcecode.swift; path = QuotaForecastKitAdapter.swift; sourceTree = "<group>"; };
		5645DB2AF14015C9B891D4FD /* CodexNativeSupport.swift */ = {isa = PBXFileReference; lastKnownFileType = sourcecode.swift; path = CodexNativeSupport.swift; sourceTree = "<group>"; };
		585D418045E05CB60309C257 /* CodexRateLimits.swift */ = {isa = PBXFileReference; lastKnownFileType = sourcecode.swift; path = CodexRateLimits.swift; sourceTree = "<group>"; };
		66000B9ACB41BED799FD3273 /* CodexRateLimitDecodingTests.swift */ = {isa = PBXFileReference; lastKnownFileType = sourcecode.swift; path = CodexRateLimitDecodingTests.swift; sourceTree = "<group>"; };
		6A4C0A69DDF7D0BA76AECBF1 /* QuotaGraphDisplaySamplerTests.swift */ = {isa = PBXFileReference; lastKnownFileType = sourcecode.swift; path = QuotaGraphDisplaySamplerTests.swift; sourceTree = "<group>"; };
		7177466CEF89C89EC8B61148 /* IOKit.framework */ = {isa = PBXFileReference; lastKnownFileType = wrapper.framework; name = IOKit.framework; path = System/Library/Frameworks/IOKit.framework; sourceTree = SDKROOT; };
		78DC4B26FEA8A020F3BB30F9 /* Security.framework */ = {isa = PBXFileReference; lastKnownFileType = wrapper.framework; name = Security.framework; path = System/Library/Frameworks/Security.framework; sourceTree = SDKROOT; };
		862401FDB58B5CDC84ECB28E /* Charts.framework */ = {isa = PBXFileReference; lastKnownFileType = wrapper.framework; name = Charts.framework; path = System/Library/Frameworks/Charts.framework; sourceTree = SDKROOT; };
		8B979C5E6EF8FA47C090C81A /* QuotaProjection.swift */ = {isa = PBXFileReference; lastKnownFileType = sourcecode.swift; path = QuotaProjection.swift; sourceTree = "<group>"; };
		8DD2CB6475B3CDD7A446F041 /* QuotaProjectionTests.swift */ = {isa = PBXFileReference; lastKnownFileType = sourcecode.swift; path = QuotaProjectionTests.swift; sourceTree = "<group>"; };
		91866704F00A6C51FF289D6A /* TokenCoffeeApp.swift */ = {isa = PBXFileReference; lastKnownFileType = sourcecode.swift; path = TokenCoffeeApp.swift; sourceTree = "<group>"; };
		93463707FA87FD54AA98CFAC /* SwiftUI.framework */ = {isa = PBXFileReference; lastKnownFileType = wrapper.framework; name = SwiftUI.framework; path = System/Library/Frameworks/SwiftUI.framework; sourceTree = SDKROOT; };
		93BBAFF32DE0999AB7B00486 /* CodexRateLimitClient.swift */ = {isa = PBXFileReference; lastKnownFileType = sourcecode.swift; path = CodexRateLimitClient.swift; sourceTree = "<group>"; };
		95407346610322E866CF3FAE /* QuotaGraphPerceptualPalette.swift */ = {isa = PBXFileReference; lastKnownFileType = sourcecode.swift; path = QuotaGraphPerceptualPalette.swift; sourceTree = "<group>"; };
		AA43224604BB416301D09F6A /* QuotaForecastDiagnosticExporterTests.swift */ = {isa = PBXFileReference; lastKnownFileType = sourcecode.swift; path = QuotaForecastDiagnosticExporterTests.swift; sourceTree = "<group>"; };
		AB49006602A950ADB340B435 /* Token Coffee.app */ = {isa = PBXFileReference; explicitFileType = wrapper.application; includeInIndex = 0; path = "Token Coffee.app"; sourceTree = BUILT_PRODUCTS_DIR; };
		B0C5145E0C5927208B1F27B7 /* TokenCoffee.entitlements */ = {isa = PBXFileReference; lastKnownFileType = text.plist.entitlements; path = TokenCoffee.entitlements; sourceTree = "<group>"; };
		B9379B3F3A2D1BCF2F4898B7 /* CodexNativeUsageService.swift */ = {isa = PBXFileReference; lastKnownFileType = sourcecode.swift; path = CodexNativeUsageService.swift; sourceTree = "<group>"; };
		B9BD5D8879BE323DD853C8A3 /* QuotaSampleStore.swift */ = {isa = PBXFileReference; lastKnownFileType = sourcecode.swift; path = QuotaSampleStore.swift; sourceTree = "<group>"; };
		B9C3187BF6FB3997BBC1E839 /* DashboardView.swift */ = {isa = PBXFileReference; lastKnownFileType = sourcecode.swift; path = DashboardView.swift; sourceTree = "<group>"; };
		BB555D4794B9843BAFE1F925 /* CodexNativeAuthService.swift */ = {isa = PBXFileReference; lastKnownFileType = sourcecode.swift; path = CodexNativeAuthService.swift; sourceTree = "<group>"; };
		BCFD6138BF13A6244AF77F79 /* TokenCoffeeAppTests.xctest */ = {isa = PBXFileReference; explicitFileType = wrapper.cfbundle; includeInIndex = 0; path = TokenCoffeeAppTests.xctest; sourceTree = BUILT_PRODUCTS_DIR; };
		C790E2AEEBC43C96DF8FA7F1 /* ScreenBlankingControllerTests.swift */ = {isa = PBXFileReference; lastKnownFileType = sourcecode.swift; path = ScreenBlankingControllerTests.swift; sourceTree = "<group>"; };
		CA58038499D13F07C5C9FE8F /* CodexNativeClientTests.swift */ = {isa = PBXFileReference; lastKnownFileType = sourcecode.swift; path = CodexNativeClientTests.swift; sourceTree = "<group>"; };
		CB3FDD37C3C09807AF107293 /* CloudQuotaSampleSyncPolicyTests.swift */ = {isa = PBXFileReference; lastKnownFileType = sourcecode.swift; path = CloudQuotaSampleSyncPolicyTests.swift; sourceTree = "<group>"; };
		CEB3F04F12B95097B9FC48FF /* QuotaForecastKit */ = {isa = PBXFileReference; lastKnownFileType = folder; name = QuotaForecastKit; path = Packages/QuotaForecastKit; sourceTree = SOURCE_ROOT; };
		DAE6FFD288FA2AD75A829908 /* StatusPanelController.swift */ = {isa = PBXFileReference; lastKnownFileType = sourcecode.swift; path = StatusPanelController.swift; sourceTree = "<group>"; };
		DE7AD1A297019BC7C543926B /* PowerSessionController.swift */ = {isa = PBXFileReference; lastKnownFileType = sourcecode.swift; path = PowerSessionController.swift; sourceTree = "<group>"; };
		DED6C0470DD8DB198B0BEE63 /* AppKit.framework */ = {isa = PBXFileReference; lastKnownFileType = wrapper.framework; name = AppKit.framework; path = System/Library/Frameworks/AppKit.framework; sourceTree = SDKROOT; };
		DEF3C982EB7C356F4B4B31B1 /* QuotaGraphPerceptualPaletteTests.swift */ = {isa = PBXFileReference; lastKnownFileType = sourcecode.swift; path = QuotaGraphPerceptualPaletteTests.swift; sourceTree = "<group>"; };
		E27E4F4CA638E9727B0FD9D7 /* Info.plist */ = {isa = PBXFileReference; lastKnownFileType = text.plist; path = Info.plist; sourceTree = "<group>"; };
		EA274434F4C69B881FDBF2F8 /* TokenCoffeeCore.framework */ = {isa = PBXFileReference; explicitFileType = wrapper.framework; includeInIndex = 0; path = TokenCoffeeCore.framework; sourceTree = BUILT_PRODUCTS_DIR; };
		F7CF74AE3A35B9AD89C0E79E /* Info.plist */ = {isa = PBXFileReference; lastKnownFileType = text.plist; path = Info.plist; sourceTree = "<group>"; };
		F80C9D134652C039633B30B5 /* CodexKeychainTokenStore.swift */ = {isa = PBXFileReference; lastKnownFileType = sourcecode.swift; path = CodexKeychainTokenStore.swift; sourceTree = "<group>"; };
		FA05C00E283A5DDB994354D0 /* DemoQuotaDataTests.swift */ = {isa = PBXFileReference; lastKnownFileType = sourcecode.swift; path = DemoQuotaDataTests.swift; sourceTree = "<group>"; };
		FC1C73A26484DD327BF9F874 /* QuotaSyncStatus.swift */ = {isa = PBXFileReference; lastKnownFileType = sourcecode.swift; path = QuotaSyncStatus.swift; sourceTree = "<group>"; };
/* End PBXFileReference section */

/* Begin PBXFrameworksBuildPhase section */
		010D9E4DD1AEE7F4CE0A9BF4 /* Frameworks */ = {
			isa = PBXFrameworksBuildPhase;
			buildActionMask = 2147483647;
			files = (
				D53681C9605FE03BBF6105A2 /* TokenCoffeeCore.framework in Frameworks */,
			);
			runOnlyForDeploymentPostprocessing = 0;
		};
		47F89CCBCBE7752F4E473106 /* Frameworks */ = {
			isa = PBXFrameworksBuildPhase;
			buildActionMask = 2147483647;
			files = (
				B72C4AEF9F38890D67173855 /* TokenCoffeeCore.framework in Frameworks */,
				FB9EABCE809EF735D0134BA8 /* SwiftUI.framework in Frameworks */,
				FF257A53C67BF3183E8863EA /* Charts.framework in Frameworks */,
				63AF7785FCD089F10EA5502F /* AppKit.framework in Frameworks */,
				B7EBCA8A160AF96CA49BD4A3 /* CloudKit.framework in Frameworks */,
				F45A06377445A0303F777BEA /* Security.framework in Frameworks */,
			);
			runOnlyForDeploymentPostprocessing = 0;
		};
		7963F723FF5A4256040AF3E6 /* Frameworks */ = {
			isa = PBXFrameworksBuildPhase;
			buildActionMask = 2147483647;
			files = (
				BB992F6518611C7A1AEDF913 /* QuotaForecastKit in Frameworks */,
				AE77846898F64E86C94300CB /* IOKit.framework in Frameworks */,
				80763E665FF71E3CF4A1EAA3 /* Security.framework in Frameworks */,
			);
			runOnlyForDeploymentPostprocessing = 0;
		};
/* End PBXFrameworksBuildPhase section */

/* Begin PBXGroup section */
		3485B93E498468C760D6C3D3 /* TokenCoffeeApp */ = {
			isa = PBXGroup;
			children = (
				03220F6952C7B17BBAB884B2 /* AppDelegate.swift */,
				05C4EE8DAEAA52B72DE45C53 /* AppIcon.icon */,
				309606A2AD4618DE1244CDB8 /* AppModel.swift */,
				1B3455110B07773BD008152F /* CloudQuotaSampleSyncService.swift */,
				B9C3187BF6FB3997BBC1E839 /* DashboardView.swift */,
				E27E4F4CA638E9727B0FD9D7 /* Info.plist */,
				0F723B70B68EC1ABF330D3EB /* PanelControlMenu.swift */,
				95407346610322E866CF3FAE /* QuotaGraphPerceptualPalette.swift */,
				18E81E0B4F04FE2D855436D9 /* QuotaHistoryWindow.swift */,
				FC1C73A26484DD327BF9F874 /* QuotaSyncStatus.swift */,
				46FE874DDEA88FC2F9EFE910 /* ScreenBlankingController.swift */,
				DAE6FFD288FA2AD75A829908 /* StatusPanelController.swift */,
				B0C5145E0C5927208B1F27B7 /* TokenCoffee.entitlements */,
				91866704F00A6C51FF289D6A /* TokenCoffeeApp.swift */,
				B5881873EFB020845E8D05E6 /* Resources */,
			);
			name = TokenCoffeeApp;
			path = Sources/TokenCoffeeApp;
			sourceTree = "<group>";
		};
		37565B3BFF31FDE98C218690 /* TokenCoffeeCoreTests */ = {
			isa = PBXGroup;
			children = (
				CA58038499D13F07C5C9FE8F /* CodexNativeClientTests.swift */,
				66000B9ACB41BED799FD3273 /* CodexRateLimitDecodingTests.swift */,
				FA05C00E283A5DDB994354D0 /* DemoQuotaDataTests.swift */,
				3A87F5169748A0C16D4D0CDB /* PowerSessionControllerTests.swift */,
				AA43224604BB416301D09F6A /* QuotaForecastDiagnosticExporterTests.swift */,
				8DD2CB6475B3CDD7A446F041 /* QuotaProjectionTests.swift */,
				1DA74698DE04A93251183750 /* QuotaSampleStoreTests.swift */,
			);
			name = TokenCoffeeCoreTests;
			path = Tests/TokenCoffeeCoreTests;
			sourceTree = "<group>";
		};
		4D57F157BCFB3E65450CC7B0 = {
			isa = PBXGroup;
			children = (
				F2E3128C25CBAFB106D7FEA0 /* Packages */,
				3485B93E498468C760D6C3D3 /* TokenCoffeeApp */,
				B8F693B2999468C4E1EC6CEC /* TokenCoffeeAppTests */,
				D8817E942A3D9F18D01064F2 /* TokenCoffeeCore */,
				37565B3BFF31FDE98C218690 /* TokenCoffeeCoreTests */,
				81F1564345F7B3C9750C6ACD /* Frameworks */,
				594ACE384572801C998698F2 /* Products */,
			);
			sourceTree = "<group>";
		};
		594ACE384572801C998698F2 /* Products */ = {
			isa = PBXGroup;
			children = (
				AB49006602A950ADB340B435 /* Token Coffee.app */,
				BCFD6138BF13A6244AF77F79 /* TokenCoffeeAppTests.xctest */,
				EA274434F4C69B881FDBF2F8 /* TokenCoffeeCore.framework */,
				3D601C714412883975A7B560 /* TokenCoffeeCoreTests.xctest */,
			);
			name = Products;
			sourceTree = "<group>";
		};
		81F1564345F7B3C9750C6ACD /* Frameworks */ = {
			isa = PBXGroup;
			children = (
				DED6C0470DD8DB198B0BEE63 /* AppKit.framework */,
				862401FDB58B5CDC84ECB28E /* Charts.framework */,
				4BF37D1C9A2022A96BDB852C /* CloudKit.framework */,
				7177466CEF89C89EC8B61148 /* IOKit.framework */,
				78DC4B26FEA8A020F3BB30F9 /* Security.framework */,
				93463707FA87FD54AA98CFAC /* SwiftUI.framework */,
			);
			name = Frameworks;
			sourceTree = "<group>";
		};
		B5881873EFB020845E8D05E6 /* Resources */ = {
			isa = PBXGroup;
			children = (
				0FAC0F5A9603A4F9B39D3800 /* DemoQuotaData.json */,
				1197BE68CBCE1F6FF43ECD29 /* StatusIconOff.png */,
				1CF9443B6D4E2EFED9B5C7F1 /* StatusIconOn.png */,
			);
			path = Resources;
			sourceTree = "<group>";
		};
		B8F693B2999468C4E1EC6CEC /* TokenCoffeeAppTests */ = {
			isa = PBXGroup;
			children = (
				CB3FDD37C3C09807AF107293 /* CloudQuotaSampleSyncPolicyTests.swift */,
				6A4C0A69DDF7D0BA76AECBF1 /* QuotaGraphDisplaySamplerTests.swift */,
				DEF3C982EB7C356F4B4B31B1 /* QuotaGraphPerceptualPaletteTests.swift */,
				C790E2AEEBC43C96DF8FA7F1 /* ScreenBlankingControllerTests.swift */,
			);
			name = TokenCoffeeAppTests;
			path = Tests/TokenCoffeeAppTests;
			sourceTree = "<group>";
		};
		D8817E942A3D9F18D01064F2 /* TokenCoffeeCore */ = {
			isa = PBXGroup;
			children = (
				47CD5B392D5E17EE62E5BD77 /* ClamshellFailSafeInstaller.swift */,
				F80C9D134652C039633B30B5 /* CodexKeychainTokenStore.swift */,
				BB555D4794B9843BAFE1F925 /* CodexNativeAuthService.swift */,
				5645DB2AF14015C9B891D4FD /* CodexNativeSupport.swift */,
				B9379B3F3A2D1BCF2F4898B7 /* CodexNativeUsageService.swift */,
				93BBAFF32DE0999AB7B00486 /* CodexRateLimitClient.swift */,
				585D418045E05CB60309C257 /* CodexRateLimits.swift */,
				3B3756373D0D6077E854F92B /* DemoQuotaData.swift */,
				F7CF74AE3A35B9AD89C0E79E /* Info.plist */,
				DE7AD1A297019BC7C543926B /* PowerSessionController.swift */,
				37C9C70ACF42EC08FC165EEF /* QuotaForecastDiagnosticExporter.swift */,
				51C0934867DC2651DF30D12A /* QuotaForecastKitAdapter.swift */,
				8B979C5E6EF8FA47C090C81A /* QuotaProjection.swift */,
				B9BD5D8879BE323DD853C8A3 /* QuotaSampleStore.swift */,
			);
			name = TokenCoffeeCore;
			path = Sources/TokenCoffeeCore;
			sourceTree = "<group>";
		};
		F2E3128C25CBAFB106D7FEA0 /* Packages */ = {
			isa = PBXGroup;
			children = (
				CEB3F04F12B95097B9FC48FF /* QuotaForecastKit */,
			);
			path = Packages;
			sourceTree = "<group>";
		};
/* End PBXGroup section */

/* Begin PBXNativeTarget section */
		4BA138AFAA9118242C875A03 /* TokenCoffee */ = {
			isa = PBXNativeTarget;
			buildConfigurationList = 91CAFD85B6382220CABB1391 /* Build configuration list for PBXNativeTarget "TokenCoffee" */;
			buildPhases = (
				357FFB43911E0DF36A8FF58C /* Sources */,
				C786E740910117124D223E31 /* Resources */,
				47F89CCBCBE7752F4E473106 /* Frameworks */,
				8DF2396268B9E837C3EA1E17 /* Embed Frameworks */,
			);
			buildRules = (
			);
			dependencies = (
				D3CAB2969A295705913957F8 /* PBXTargetDependency */,
			);
			name = TokenCoffee;
			packageProductDependencies = (
			);
			productName = TokenCoffee;
			productReference = AB49006602A950ADB340B435 /* Token Coffee.app */;
			productType = "com.apple.product-type.application";
		};
		5CD2E81433BE2FAF891BF4FC /* TokenCoffeeAppTests */ = {
			isa = PBXNativeTarget;
			buildConfigurationList = 391D24561AD3CD4E9B196C83 /* Build configuration list for PBXNativeTarget "TokenCoffeeAppTests" */;
			buildPhases = (
				6256CB07022117ED4097767A /* Sources */,
			);
			buildRules = (
			);
			dependencies = (
				EC401DC054F80F1E2251C4DC /* PBXTargetDependency */,
			);
			name = TokenCoffeeAppTests;
			packageProductDependencies = (
			);
			productName = TokenCoffeeAppTests;
			productReference = BCFD6138BF13A6244AF77F79 /* TokenCoffeeAppTests.xctest */;
			productType = "com.apple.product-type.bundle.unit-test";
		};
		840754A614744B41BBA8E783 /* TokenCoffeeCore */ = {
			isa = PBXNativeTarget;
			buildConfigurationList = C09BEA0CEC65B072353A3E70 /* Build configuration list for PBXNativeTarget "TokenCoffeeCore" */;
			buildPhases = (
				B37051728268CD33556CF7CF /* Sources */,
				7963F723FF5A4256040AF3E6 /* Frameworks */,
			);
			buildRules = (
			);
			dependencies = (
			);
			name = TokenCoffeeCore;
			packageProductDependencies = (
				727C2BCB0010C4E260BF7449 /* QuotaForecastKit */,
			);
			productName = TokenCoffeeCore;
			productReference = EA274434F4C69B881FDBF2F8 /* TokenCoffeeCore.framework */;
			productType = "com.apple.product-type.framework";
		};
		EF1CDD5BB1E60C3894FC56E9 /* TokenCoffeeCoreTests */ = {
			isa = PBXNativeTarget;
			buildConfigurationList = CA405AFFC074A37FBE105454 /* Build configuration list for PBXNativeTarget "TokenCoffeeCoreTests" */;
			buildPhases = (
				F22800AF9F466E2C4E95D318 /* Sources */,
				010D9E4DD1AEE7F4CE0A9BF4 /* Frameworks */,
				0CBFD1EE7269F8BFF9C88557 /* Embed Frameworks */,
			);
			buildRules = (
			);
			dependencies = (
				F2791A130231396C2EA63344 /* PBXTargetDependency */,
			);
			name = TokenCoffeeCoreTests;
			packageProductDependencies = (
			);
			productName = TokenCoffeeCoreTests;
			productReference = 3D601C714412883975A7B560 /* TokenCoffeeCoreTests.xctest */;
			productType = "com.apple.product-type.bundle.unit-test";
		};
/* End PBXNativeTarget section */

/* Begin PBXProject section */
		5BB69922B177AFE4CEFB515E /* Project object */ = {
			isa = PBXProject;
			attributes = {
				BuildIndependentTargetsInParallel = YES;
				LastUpgradeCheck = 1430;
				TargetAttributes = {
					4BA138AFAA9118242C875A03 = {
						DevelopmentTeam = W65292CD8T;
						ProvisioningStyle = Automatic;
					};
					5CD2E81433BE2FAF891BF4FC = {
						DevelopmentTeam = W65292CD8T;
						ProvisioningStyle = Automatic;
					};
				};
			};
			buildConfigurationList = 4C239539E0BC260A9B4C0234 /* Build configuration list for PBXProject "TokenCoffee" */;
			compatibilityVersion = "Xcode 14.0";
			developmentRegion = en;
			hasScannedForEncodings = 0;
			knownRegions = (
				Base,
				en,
			);
			mainGroup = 4D57F157BCFB3E65450CC7B0;
			minimizedProjectReferenceProxies = 1;
			packageReferences = (
				8D9BC5840B2994C549157188 /* XCLocalSwiftPackageReference "Packages/QuotaForecastKit" */,
			);
			preferredProjectObjectVersion = 77;
			projectDirPath = "";
			projectRoot = "";
			targets = (
				4BA138AFAA9118242C875A03 /* TokenCoffee */,
				5CD2E81433BE2FAF891BF4FC /* TokenCoffeeAppTests */,
				840754A614744B41BBA8E783 /* TokenCoffeeCore */,
				EF1CDD5BB1E60C3894FC56E9 /* TokenCoffeeCoreTests */,
			);
		};
/* End PBXProject section */

/* Begin PBXResourcesBuildPhase section */
		C786E740910117124D223E31 /* Resources */ = {
			isa = PBXResourcesBuildPhase;
			buildActionMask = 2147483647;
			files = (
				64786A8E17AFA9731AAC8FA8 /* AppIcon.icon in Resources */,
				91654AE1616EAC17E37D1063 /* DemoQuotaData.json in Resources */,
				73DFCAB56F1E5BC3711299A8 /* StatusIconOff.png in Resources */,
				21ADF75E3957F4E7088BA3CC /* StatusIconOn.png in Resources */,
			);
			runOnlyForDeploymentPostprocessing = 0;
		};
/* End PBXResourcesBuildPhase section */

/* Begin PBXSourcesBuildPhase section */
		357FFB43911E0DF36A8FF58C /* Sources */ = {
			isa = PBXSourcesBuildPhase;
			buildActionMask = 2147483647;
			files = (
				EDF6297C87A0CD2D53938697 /* AppDelegate.swift in Sources */,
				8E44467D7F4FC5A0FB92A3BF /* AppModel.swift in Sources */,
				40E2BA4DD4D75AFB6944C3BD /* CloudQuotaSampleSyncService.swift in Sources */,
				12E041F3B81610E4C9B4E708 /* DashboardView.swift in Sources */,
				E8B65880477127AA57C600D0 /* PanelControlMenu.swift in Sources */,
				9EAC015561A9C5E9326E3824 /* QuotaGraphPerceptualPalette.swift in Sources */,
				9E74088D68D183844045E6F0 /* QuotaHistoryWindow.swift in Sources */,
				C1BEB0ED90F1D712DE1A9839 /* QuotaSyncStatus.swift in Sources */,
				8FFF3DC513A2EE4218E8A5C9 /* ScreenBlankingController.swift in Sources */,
				B7FCF9112D2FF1984F036205 /* StatusPanelController.swift in Sources */,
				9BAAD393FA0C312BFAEEB322 /* TokenCoffeeApp.swift in Sources */,
			);
			runOnlyForDeploymentPostprocessing = 0;
		};
		6256CB07022117ED4097767A /* Sources */ = {
			isa = PBXSourcesBuildPhase;
			buildActionMask = 2147483647;
			files = (
				6E7AEB39C0022DE3B6F46307 /* CloudQuotaSampleSyncPolicyTests.swift in Sources */,
				0BA7A7B1F9D98874A525D338 /* QuotaGraphDisplaySamplerTests.swift in Sources */,
				9E224909D842565747B0B742 /* QuotaGraphPerceptualPaletteTests.swift in Sources */,
				A0649AD081EF9D401EF6E05E /* ScreenBlankingControllerTests.swift in Sources */,
			);
			runOnlyForDeploymentPostprocessing = 0;
		};
		B37051728268CD33556CF7CF /* Sources */ = {
			isa = PBXSourcesBuildPhase;
			buildActionMask = 2147483647;
			files = (
				782DF07C136C4F581ECA7B11 /* ClamshellFailSafeInstaller.swift in Sources */,
				308DF753892FBB5F017C097F /* CodexKeychainTokenStore.swift in Sources */,
				EC01D5842E2837D1C4352CB7 /* CodexNativeAuthService.swift in Sources */,
				DC9F2F59FB48E23513A03E3C /* CodexNativeSupport.swift in Sources */,
				D95162623E0901260BA235F6 /* CodexNativeUsageService.swift in Sources */,
				2FCA4E2D83CC4598D443FCED /* CodexRateLimitClient.swift in Sources */,
				3E08268887962E15BA3EC719 /* CodexRateLimits.swift in Sources */,
				0C15E52FD1902DB7FA703830 /* DemoQuotaData.swift in Sources */,
				79E2C201F1E8A12C21E9CA77 /* PowerSessionController.swift in Sources */,
				F5A0A1A5110A2D4C6EBD1F64 /* QuotaForecastDiagnosticExporter.swift in Sources */,
				7B8215A57DAF6D5DA899DEF9 /* QuotaForecastKitAdapter.swift in Sources */,
				2CC861C421981151667D0BA0 /* QuotaProjection.swift in Sources */,
				E80AC25F5C32E65DEAE0E6F5 /* QuotaSampleStore.swift in Sources */,
			);
			runOnlyForDeploymentPostprocessing = 0;
		};
		F22800AF9F466E2C4E95D318 /* Sources */ = {
			isa = PBXSourcesBuildPhase;
			buildActionMask = 2147483647;
			files = (
				BE689677F534ED08053E9BEF /* CodexNativeClientTests.swift in Sources */,
				00DEFA85B5E36A650B8979A9 /* CodexRateLimitDecodingTests.swift in Sources */,
				27108E628CABE879C06A14DB /* DemoQuotaDataTests.swift in Sources */,
				35C9CF774A7FB502783FF2E7 /* PowerSessionControllerTests.swift in Sources */,
				A56C8CB7F9105F199C4317FE /* QuotaForecastDiagnosticExporterTests.swift in Sources */,
				80A592F36647044928B1E6D7 /* QuotaProjectionTests.swift in Sources */,
				6E115AF5843D6BF7B2122ADE /* QuotaSampleStoreTests.swift in Sources */,
			);
			runOnlyForDeploymentPostprocessing = 0;
		};
/* End PBXSourcesBuildPhase section */

/* Begin PBXTargetDependency section */
		D3CAB2969A295705913957F8 /* PBXTargetDependency */ = {
			isa = PBXTargetDependency;
			target = 840754A614744B41BBA8E783 /* TokenCoffeeCore */;
			targetProxy = 274C92030543DF145CDAFF4A /* PBXContainerItemProxy */;
		};
		EC401DC054F80F1E2251C4DC /* PBXTargetDependency */ = {
			isa = PBXTargetDependency;
			target = 4BA138AFAA9118242C875A03 /* TokenCoffee */;
			targetProxy = 5E960659631CD0C9D215D05C /* PBXContainerItemProxy */;
		};
		F2791A130231396C2EA63344 /* PBXTargetDependency */ = {
			isa = PBXTargetDependency;
			target = 840754A614744B41BBA8E783 /* TokenCoffeeCore */;
			targetProxy = 1BF328EBB449863AF5DAA16E /* PBXContainerItemProxy */;
		};
/* End PBXTargetDependency section */

/* Begin XCBuildConfiguration section */
		20DFD0A28F8A9F5DEFB16565 /* Debug */ = {
			isa = XCBuildConfiguration;
			buildSettings = {
				ALWAYS_SEARCH_USER_PATHS = NO;
				ASSETCATALOG_COMPILER_GENERATE_SWIFT_ASSET_SYMBOL_EXTENSIONS = YES;
				CLANG_ANALYZER_NONNULL = YES;
				CLANG_ANALYZER_NUMBER_OBJECT_CONVERSION = YES_AGGRESSIVE;
				CLANG_CXX_LANGUAGE_STANDARD = "gnu++14";
				CLANG_CXX_LIBRARY = "libc++";
				CLANG_ENABLE_MODULES = YES;
				CLANG_ENABLE_OBJC_ARC = YES;
				CLANG_ENABLE_OBJC_WEAK = YES;
				CLANG_WARN_BLOCK_CAPTURE_AUTORELEASING = YES;
				CLANG_WARN_BOOL_CONVERSION = YES;
				CLANG_WARN_COMMA = YES;
				CLANG_WARN_CONSTANT_CONVERSION = YES;
				CLANG_WARN_DEPRECATED_OBJC_IMPLEMENTATIONS = YES;
				CLANG_WARN_DIRECT_OBJC_ISA_USAGE = YES_ERROR;
				CLANG_WARN_DOCUMENTATION_COMMENTS = YES;
				CLANG_WARN_EMPTY_BODY = YES;
				CLANG_WARN_ENUM_CONVERSION = YES;
				CLANG_WARN_INFINITE_RECURSION = YES;
				CLANG_WARN_INT_CONVERSION = YES;
				CLANG_WARN_NON_LITERAL_NULL_CONVERSION = YES;
				CLANG_WARN_OBJC_IMPLICIT_RETAIN_SELF = YES;
				CLANG_WARN_OBJC_LITERAL_CONVERSION = YES;
				CLANG_WARN_OBJC_ROOT_CLASS = YES_ERROR;
				CLANG_WARN_QUOTED_INCLUDE_IN_FRAMEWORK_HEADER = YES;
				CLANG_WARN_RANGE_LOOP_ANALYSIS = YES;
				CLANG_WARN_STRICT_PROTOTYPES = YES;
				CLANG_WARN_SUSPICIOUS_MOVE = YES;
				CLANG_WARN_UNGUARDED_AVAILABILITY = YES_AGGRESSIVE;
				CLANG_WARN_UNREACHABLE_CODE = YES;
				CLANG_WARN__DUPLICATE_METHOD_MATCH = YES;
				COPY_PHASE_STRIP = NO;
				DEAD_CODE_STRIPPING = YES;
				DEBUG_INFORMATION_FORMAT = dwarf;
				ENABLE_MODULE_VERIFIER = YES;
				ENABLE_STRICT_OBJC_MSGSEND = YES;
				ENABLE_TESTABILITY = YES;
				ENABLE_USER_SCRIPT_SANDBOXING = YES;
				"EXCLUDED_ARCHS[sdk=macosx*]" = x86_64;
				GCC_C_LANGUAGE_STANDARD = gnu11;
				GCC_DYNAMIC_NO_PIC = NO;
				GCC_NO_COMMON_BLOCKS = YES;
				GCC_OPTIMIZATION_LEVEL = 0;
				GCC_PREPROCESSOR_DEFINITIONS = (
					"$(inherited)",
					"DEBUG=1",
				);
				GCC_TREAT_WARNINGS_AS_ERRORS = YES;
				GCC_WARN_64_TO_32_BIT_CONVERSION = YES;
				GCC_WARN_ABOUT_RETURN_TYPE = YES_ERROR;
				GCC_WARN_UNDECLARED_SELECTOR = YES;
				GCC_WARN_UNINITIALIZED_AUTOS = YES_AGGRESSIVE;
				GCC_WARN_UNUSED_FUNCTION = YES;
				GCC_WARN_UNUSED_VARIABLE = YES;
				MACOSX_DEPLOYMENT_TARGET = 15.0;
				MODULE_VERIFIER_SUPPORTED_LANGUAGE_STANDARDS = "gnu11 gnu++14";
				MTL_ENABLE_DEBUG_INFO = INCLUDE_SOURCE;
				MTL_FAST_MATH = YES;
				ONLY_ACTIVE_ARCH = YES;
				OTHER_SWIFT_FLAGS = "-strict-concurrency=complete -warnings-as-errors";
				PRODUCT_NAME = "$(TARGET_NAME)";
				RUN_CLANG_STATIC_ANALYZER = YES;
				SDKROOT = macosx;
				STRING_CATALOG_GENERATE_SYMBOLS = YES;
				SWIFT_ACTIVE_COMPILATION_CONDITIONS = DEBUG;
				SWIFT_OPTIMIZATION_LEVEL = "-Onone";
				SWIFT_STRICT_CONCURRENCY = complete;
				SWIFT_TREAT_WARNINGS_AS_ERRORS = YES;
				SWIFT_VERSION = 6.4;
			};
			name = Debug;
		};
		2769420A893761CF121AEA4E /* Release */ = {
			isa = XCBuildConfiguration;
			buildSettings = {
				ASSETCATALOG_COMPILER_APPICON_NAME = AppIcon;
				CLOUDKIT_CONTAINER_ENVIRONMENT = Production;
				CODE_SIGN_ENTITLEMENTS = Sources/TokenCoffeeApp/TokenCoffee.entitlements;
				CODE_SIGN_STYLE = Automatic;
				COMBINE_HIDPI_IMAGES = YES;
				CURRENT_PROJECT_VERSION = 0;
				DEVELOPMENT_TEAM = W65292CD8T;
				ENABLE_APP_SANDBOX = YES;
				ENABLE_HARDENED_RUNTIME = YES;
				ENABLE_INCOMING_NETWORK_CONNECTIONS = NO;
				ENABLE_OUTGOING_NETWORK_CONNECTIONS = YES;
				ENABLE_RESOURCE_ACCESS_AUDIO_INPUT = NO;
				ENABLE_RESOURCE_ACCESS_BLUETOOTH = NO;
				ENABLE_RESOURCE_ACCESS_CALENDARS = NO;
				ENABLE_RESOURCE_ACCESS_CAMERA = NO;
				ENABLE_RESOURCE_ACCESS_CONTACTS = NO;
				ENABLE_RESOURCE_ACCESS_LOCATION = NO;
				ENABLE_RESOURCE_ACCESS_PRINTING = NO;
				ENABLE_RESOURCE_ACCESS_USB = NO;
				ENABLE_USER_SCRIPT_SANDBOXING = NO;
				INFOPLIST_FILE = Sources/TokenCoffeeApp/Info.plist;
				LD_RUNPATH_SEARCH_PATHS = (
					"$(inherited)",
					"@executable_path/../Frameworks",
				);
				MARKETING_VERSION = 1.0.3;
				PRODUCT_BUNDLE_IDENTIFIER = com.pardeike.TokenCoffee;
				PRODUCT_NAME = "Token Coffee";
				PROVISIONING_PROFILE_SPECIFIER = "";
				SDKROOT = macosx;
			};
			name = Release;
		};
		297B4FA1E8F3996EDB7360D4 /* Debug */ = {
			isa = XCBuildConfiguration;
			buildSettings = {
				BUNDLE_LOADER = "$(TEST_HOST)";
				CODE_SIGN_STYLE = Automatic;
				COMBINE_HIDPI_IMAGES = YES;
				DEVELOPMENT_TEAM = W65292CD8T;
				GENERATE_INFOPLIST_FILE = YES;
				LD_RUNPATH_SEARCH_PATHS = (
					"$(inherited)",
					"@executable_path/../Frameworks",
					"@loader_path/../Frameworks",
				);
				PRODUCT_BUNDLE_IDENTIFIER = com.pardeike.TokenCoffeeAppTests;
				SDKROOT = macosx;
				TEST_HOST = "$(BUILT_PRODUCTS_DIR)/Token Coffee.app/Contents/MacOS/Token Coffee";
			};
			name = Debug;
		};
		3DDFF381002A4E36424533A0 /* Debug */ = {
			isa = XCBuildConfiguration;
			buildSettings = {
				BUNDLE_LOADER = "$(TEST_HOST)";
				COMBINE_HIDPI_IMAGES = YES;
				GENERATE_INFOPLIST_FILE = YES;
				LD_RUNPATH_SEARCH_PATHS = (
					"$(inherited)",
					"@executable_path/../Frameworks",
					"@loader_path/../Frameworks",
				);
				PRODUCT_BUNDLE_IDENTIFIER = com.pardeike.TokenCoffeeCoreTests;
				SDKROOT = macosx;
			};
			name = Debug;
		};
		4592F006A62BCF08E4F60523 /* Release */ = {
			isa = XCBuildConfiguration;
			buildSettings = {
				ALWAYS_SEARCH_USER_PATHS = NO;
				ASSETCATALOG_COMPILER_GENERATE_SWIFT_ASSET_SYMBOL_EXTENSIONS = YES;
				CLANG_ANALYZER_NONNULL = YES;
				CLANG_ANALYZER_NUMBER_OBJECT_CONVERSION = YES_AGGRESSIVE;
				CLANG_CXX_LANGUAGE_STANDARD = "gnu++14";
				CLANG_CXX_LIBRARY = "libc++";
				CLANG_ENABLE_MODULES = YES;
				CLANG_ENABLE_OBJC_ARC = YES;
				CLANG_ENABLE_OBJC_WEAK = YES;
				CLANG_WARN_BLOCK_CAPTURE_AUTORELEASING = YES;
				CLANG_WARN_BOOL_CONVERSION = YES;
				CLANG_WARN_COMMA = YES;
				CLANG_WARN_CONSTANT_CONVERSION = YES;
				CLANG_WARN_DEPRECATED_OBJC_IMPLEMENTATIONS = YES;
				CLANG_WARN_DIRECT_OBJC_ISA_USAGE = YES_ERROR;
				CLANG_WARN_DOCUMENTATION_COMMENTS = YES;
				CLANG_WARN_EMPTY_BODY = YES;
				CLANG_WARN_ENUM_CONVERSION = YES;
				CLANG_WARN_INFINITE_RECURSION = YES;
				CLANG_WARN_INT_CONVERSION = YES;
				CLANG_WARN_NON_LITERAL_NULL_CONVERSION = YES;
				CLANG_WARN_OBJC_IMPLICIT_RETAIN_SELF = YES;
				CLANG_WARN_OBJC_LITERAL_CONVERSION = YES;
				CLANG_WARN_OBJC_ROOT_CLASS = YES_ERROR;
				CLANG_WARN_QUOTED_INCLUDE_IN_FRAMEWORK_HEADER = YES;
				CLANG_WARN_RANGE_LOOP_ANALYSIS = YES;
				CLANG_WARN_STRICT_PROTOTYPES = YES;
				CLANG_WARN_SUSPICIOUS_MOVE = YES;
				CLANG_WARN_UNGUARDED_AVAILABILITY = YES_AGGRESSIVE;
				CLANG_WARN_UNREACHABLE_CODE = YES;
				CLANG_WARN__DUPLICATE_METHOD_MATCH = YES;
				COPY_PHASE_STRIP = NO;
				DEAD_CODE_STRIPPING = YES;
				DEBUG_INFORMATION_FORMAT = "dwarf-with-dsym";
				ENABLE_MODULE_VERIFIER = YES;
				ENABLE_NS_ASSERTIONS = NO;
				ENABLE_STRICT_OBJC_MSGSEND = YES;
				ENABLE_USER_SCRIPT_SANDBOXING = YES;
				"EXCLUDED_ARCHS[sdk=macosx*]" = x86_64;
				GCC_C_LANGUAGE_STANDARD = gnu11;
				GCC_NO_COMMON_BLOCKS = YES;
				GCC_TREAT_WARNINGS_AS_ERRORS = YES;
				GCC_WARN_64_TO_32_BIT_CONVERSION = YES;
				GCC_WARN_ABOUT_RETURN_TYPE = YES_ERROR;
				GCC_WARN_UNDECLARED_SELECTOR = YES;
				GCC_WARN_UNINITIALIZED_AUTOS = YES_AGGRESSIVE;
				GCC_WARN_UNUSED_FUNCTION = YES;
				GCC_WARN_UNUSED_VARIABLE = YES;
				MACOSX_DEPLOYMENT_TARGET = 15.0;
				MODULE_VERIFIER_SUPPORTED_LANGUAGE_STANDARDS = "gnu11 gnu++14";
				MTL_ENABLE_DEBUG_INFO = NO;
				MTL_FAST_MATH = YES;
				ONLY_ACTIVE_ARCH = NO;
				OTHER_SWIFT_FLAGS = "-strict-concurrency=complete -warnings-as-errors";
				PRODUCT_NAME = "$(TARGET_NAME)";
				RUN_CLANG_STATIC_ANALYZER = YES;
				SDKROOT = macosx;
				STRING_CATALOG_GENERATE_SYMBOLS = YES;
				SWIFT_COMPILATION_MODE = wholemodule;
				SWIFT_OPTIMIZATION_LEVEL = "-O";
				SWIFT_STRICT_CONCURRENCY = complete;
				SWIFT_TREAT_WARNINGS_AS_ERRORS = YES;
				SWIFT_VERSION = 6.4;
			};
			name = Release;
		};
		8ADF7DF0581C2557D80FC427 /* Release */ = {
			isa = XCBuildConfiguration;
			buildSettings = {
				BUNDLE_LOADER = "$(TEST_HOST)";
				CODE_SIGN_STYLE = Automatic;
				COMBINE_HIDPI_IMAGES = YES;
				DEVELOPMENT_TEAM = W65292CD8T;
				GENERATE_INFOPLIST_FILE = YES;
				LD_RUNPATH_SEARCH_PATHS = (
					"$(inherited)",
					"@executable_path/../Frameworks",
					"@loader_path/../Frameworks",
				);
				PRODUCT_BUNDLE_IDENTIFIER = com.pardeike.TokenCoffeeAppTests;
				SDKROOT = macosx;
				TEST_HOST = "$(BUILT_PRODUCTS_DIR)/Token Coffee.app/Contents/MacOS/Token Coffee";
			};
			name = Release;
		};
		A25ADCB799094D9D3CA2674A /* Release */ = {
			isa = XCBuildConfiguration;
			buildSettings = {
				BUNDLE_LOADER = "$(TEST_HOST)";
				COMBINE_HIDPI_IMAGES = YES;
				GENERATE_INFOPLIST_FILE = YES;
				LD_RUNPATH_SEARCH_PATHS = (
					"$(inherited)",
					"@executable_path/../Frameworks",
					"@loader_path/../Frameworks",
				);
				PRODUCT_BUNDLE_IDENTIFIER = com.pardeike.TokenCoffeeCoreTests;
				SDKROOT = macosx;
			};
			name = Release;
		};
		A7369BBF108C03DD4CCD05F5 /* Debug */ = {
			isa = XCBuildConfiguration;
			buildSettings = {
				ASSETCATALOG_COMPILER_APPICON_NAME = AppIcon;
				CLOUDKIT_CONTAINER_ENVIRONMENT = Development;
				CODE_SIGN_ENTITLEMENTS = Sources/TokenCoffeeApp/TokenCoffee.entitlements;
				CODE_SIGN_STYLE = Automatic;
				COMBINE_HIDPI_IMAGES = YES;
				CURRENT_PROJECT_VERSION = 0;
				DEVELOPMENT_TEAM = W65292CD8T;
				ENABLE_APP_SANDBOX = YES;
				ENABLE_HARDENED_RUNTIME = YES;
				ENABLE_INCOMING_NETWORK_CONNECTIONS = NO;
				ENABLE_OUTGOING_NETWORK_CONNECTIONS = YES;
				ENABLE_RESOURCE_ACCESS_AUDIO_INPUT = NO;
				ENABLE_RESOURCE_ACCESS_BLUETOOTH = NO;
				ENABLE_RESOURCE_ACCESS_CALENDARS = NO;
				ENABLE_RESOURCE_ACCESS_CAMERA = NO;
				ENABLE_RESOURCE_ACCESS_CONTACTS = NO;
				ENABLE_RESOURCE_ACCESS_LOCATION = NO;
				ENABLE_RESOURCE_ACCESS_PRINTING = NO;
				ENABLE_RESOURCE_ACCESS_USB = NO;
				ENABLE_USER_SCRIPT_SANDBOXING = NO;
				INFOPLIST_FILE = Sources/TokenCoffeeApp/Info.plist;
				LD_RUNPATH_SEARCH_PATHS = (
					"$(inherited)",
					"@executable_path/../Frameworks",
				);
				MARKETING_VERSION = 1.0.3;
				PRODUCT_BUNDLE_IDENTIFIER = com.pardeike.TokenCoffee;
				PRODUCT_NAME = "Token Coffee";
				PROVISIONING_PROFILE_SPECIFIER = "";
				SDKROOT = macosx;
			};
			name = Debug;
		};
		D65FE1E1B5EF9AD3F44C5AED /* Release */ = {
			isa = XCBuildConfiguration;
			buildSettings = {
				CODE_SIGN_IDENTITY = "";
				COMBINE_HIDPI_IMAGES = YES;
				CURRENT_PROJECT_VERSION = 1;
				DEFINES_MODULE = YES;
				DYLIB_COMPATIBILITY_VERSION = 1;
				DYLIB_CURRENT_VERSION = 1;
				DYLIB_INSTALL_NAME_BASE = "@rpath";
				INFOPLIST_FILE = Sources/TokenCoffeeCore/Info.plist;
				INSTALL_PATH = "$(LOCAL_LIBRARY_DIR)/Frameworks";
				LD_RUNPATH_SEARCH_PATHS = (
					"$(inherited)",
					"@executable_path/../Frameworks",
				);
				PRODUCT_BUNDLE_IDENTIFIER = com.pardeike.TokenCoffeeCore;
				SDKROOT = macosx;
				SKIP_INSTALL = YES;
				VERSIONING_SYSTEM = "apple-generic";
			};
			name = Release;
		};
		E55DDEE68E7869F734068A51 /* Debug */ = {
			isa = XCBuildConfiguration;
			buildSettings = {
				CODE_SIGN_IDENTITY = "";
				COMBINE_HIDPI_IMAGES = YES;
				CURRENT_PROJECT_VERSION = 1;
				DEFINES_MODULE = YES;
				DYLIB_COMPATIBILITY_VERSION = 1;
				DYLIB_CURRENT_VERSION = 1;
				DYLIB_INSTALL_NAME_BASE = "@rpath";
				INFOPLIST_FILE = Sources/TokenCoffeeCore/Info.plist;
				INSTALL_PATH = "$(LOCAL_LIBRARY_DIR)/Frameworks";
				LD_RUNPATH_SEARCH_PATHS = (
					"$(inherited)",
					"@executable_path/../Frameworks",
				);
				PRODUCT_BUNDLE_IDENTIFIER = com.pardeike.TokenCoffeeCore;
				SDKROOT = macosx;
				SKIP_INSTALL = YES;
				VERSIONING_SYSTEM = "apple-generic";
			};
			name = Debug;
		};
/* End XCBuildConfiguration section */

/* Begin XCConfigurationList section */
		391D24561AD3CD4E9B196C83 /* Build configuration list for PBXNativeTarget "TokenCoffeeAppTests" */ = {
			isa = XCConfigurationList;
			buildConfigurations = (
				297B4FA1E8F3996EDB7360D4 /* Debug */,
				8ADF7DF0581C2557D80FC427 /* Release */,
			);
			defaultConfigurationIsVisible = 0;
			defaultConfigurationName = Debug;
		};
		4C239539E0BC260A9B4C0234 /* Build configuration list for PBXProject "TokenCoffee" */ = {
			isa = XCConfigurationList;
			buildConfigurations = (
				20DFD0A28F8A9F5DEFB16565 /* Debug */,
				4592F006A62BCF08E4F60523 /* Release */,
			);
			defaultConfigurationIsVisible = 0;
			defaultConfigurationName = Debug;
		};
		91CAFD85B6382220CABB1391 /* Build configuration list for PBXNativeTarget "TokenCoffee" */ = {
			isa = XCConfigurationList;
			buildConfigurations = (
				A7369BBF108C03DD4CCD05F5 /* Debug */,
				2769420A893761CF121AEA4E /* Release */,
			);
			defaultConfigurationIsVisible = 0;
			defaultConfigurationName = Debug;
		};
		C09BEA0CEC65B072353A3E70 /* Build configuration list for PBXNativeTarget "TokenCoffeeCore" */ = {
			isa = XCConfigurationList;
			buildConfigurations = (
				E55DDEE68E7869F734068A51 /* Debug */,
				D65FE1E1B5EF9AD3F44C5AED /* Release */,
			);
			defaultConfigurationIsVisible = 0;
			defaultConfigurationName = Debug;
		};
		CA405AFFC074A37FBE105454 /* Build configuration list for PBXNativeTarget "TokenCoffeeCoreTests" */ = {
			isa = XCConfigurationList;
			buildConfigurations = (
				3DDFF381002A4E36424533A0 /* Debug */,
				A25ADCB799094D9D3CA2674A /* Release */,
			);
			defaultConfigurationIsVisible = 0;
			defaultConfigurationName = Debug;
		};
/* End XCConfigurationList section */

/* Begin XCLocalSwiftPackageReference section */
		8D9BC5840B2994C549157188 /* XCLocalSwiftPackageReference "Packages/QuotaForecastKit" */ = {
			isa = XCLocalSwiftPackageReference;
			relativePath = Packages/QuotaForecastKit;
		};
/* End XCLocalSwiftPackageReference section */

/* Begin XCSwiftPackageProductDependency section */
		727C2BCB0010C4E260BF7449 /* QuotaForecastKit */ = {
			isa = XCSwiftPackageProductDependency;
			productName = QuotaForecastKit;
		};
/* End XCSwiftPackageProductDependency section */
	};
	rootObject = 5BB69922B177AFE4CEFB515E /* Project object */;
}
